
Microsoft Visual Studio Solution File, Format Version 12.00
# Visual Studio 15
VisualStudioVersion = 15.0.28307.136
MinimumVisualStudioVersion = 10.0.40219.1
Project("{9A19103F-16F7-4668-BE54-9A1E7A4F7556}") = "OnlineStore.Core", "OnlineStore.Core\OnlineStore.Core.csproj", "{66B9F131-E564-4A3A-BEF4-5D7962F8A6D7}"
EndProject
Project("{9A19103F-16F7-4668-BE54-9A1E7A4F7556}") = "OnlineStore.Mocker", "OnlineStore.Mocker\OnlineStore.Mocker.csproj", "{AD37BC0C-CE52-4E88-9659-6709F4FA3726}"
EndProject
Project("{9A19103F-16F7-4668-BE54-9A1E7A4F7556}") = "OnlineStore.API.Common", "OnlineStore.API.Common\OnlineStore.API.Common.csproj", "{A91E8284-128B-4B08-9685-59B018E7429E}"
EndProject
Project("{9A19103F-16F7-4668-BE54-9A1E7A4F7556}") = "OnlineStore.API.Identity", "OnlineStore.API.Identity\OnlineStore.API.Identity.csproj", "{AF7206A7-AE23-4213-925B-F32ECD99DF08}"
EndProject
Project("{9A19103F-16F7-4668-BE54-9A1E7A4F7556}") = "OnlineStore.API.Warehouse", "OnlineStore.API.Warehouse\OnlineStore.API.Warehouse.csproj", "{7E2FA654-1DAD-4F04-9BFD-41F7B069F0A3}"
EndProject
Project("{9A19103F-16F7-4668-BE54-9A1E7A4F7556}") = "OnlineStore.API.Sales", "OnlineStore.API.Sales\OnlineStore.API.Sales.csproj", "{B66F46F8-62C1-4608-A007-D4DE4819BB42}"
EndProject
Project("{9A19103F-16F7-4668-BE54-9A1E7A4F7556}") = "OnlineStore.API.Common.UnitTests", "OnlineStore.API.Common.UnitTests\OnlineStore.API.Common.UnitTests.csproj", "{EE8FC0D0-7D4E-4DAF-9F22-7877C41C2A79}"
EndProject
Project("{9A19103F-16F7-4668-BE54-9A1E7A4F7556}") = "OnlineStore.API.Warehouse.UnitTests", "OnlineStore.API.Warehouse.UnitTests\OnlineStore.API.Warehouse.UnitTests.csproj", "{1EFE184C-140D-4CAF-9FFB-CA1B55273C06}"
EndProject
Project("{9A19103F-16F7-4668-BE54-9A1E7A4F7556}") = "OnlineStore.API.Sales.UnitTests", "OnlineStore.API.Sales.UnitTests\OnlineStore.API.Sales.UnitTests.csproj", "{836472C6-FB5B-49F1-9184-33806F5954DD}"
EndProject
Project("{9A19103F-16F7-4668-BE54-9A1E7A4F7556}") = "OnlineStore.Common", "OnlineStore.Common\OnlineStore.Common.csproj", "{46282F3D-D7B1-4581-A471-009ACA287220}"
EndProject
Project("{FAE04EC0-301F-11D3-BF4B-00C04F79EFBC}") = "OnlineStore.API.Common.IntegrationTests", "OnlineStore.API.Common.IntegrationTests\OnlineStore.API.Common.IntegrationTests.csproj", "{CC11F244-2BAF-4E4A-B37C-1A1D47B9C3D0}"
EndProject
Project("{FAE04EC0-301F-11D3-BF4B-00C04F79EFBC}") = "OnlineStore.API.Warehouse.IntegrationTests", "OnlineStore.API.Warehouse.IntegrationTests\OnlineStore.API.Warehouse.IntegrationTests.csproj", "{4C9FF91D-5B20-413B-86C7-5854EE8D9714}"
EndProject
Global
	GlobalSection(SolutionConfigurationPlatforms) = preSolution
		Debug|Any CPU = Debug|Any CPU
		Release|Any CPU = Release|Any CPU
	EndGlobalSection
	GlobalSection(ProjectConfigurationPlatforms) = postSolution
		{66B9F131-E564-4A3A-BEF4-5D7962F8A6D7}.Debug|Any CPU.ActiveCfg = Debug|Any CPU
		{66B9F131-E564-4A3A-BEF4-5D7962F8A6D7}.Debug|Any CPU.Build.0 = Debug|Any CPU
		{66B9F131-E564-4A3A-BEF4-5D7962F8A6D7}.Release|Any CPU.ActiveCfg = Release|Any CPU
		{66B9F131-E564-4A3A-BEF4-5D7962F8A6D7}.Release|Any CPU.Build.0 = Release|Any CPU
		{AD37BC0C-CE52-4E88-9659-6709F4FA3726}.Debug|Any CPU.ActiveCfg = Debug|Any CPU
		{AD37BC0C-CE52-4E88-9659-6709F4FA3726}.Debug|Any CPU.Build.0 = Debug|Any CPU
		{AD37BC0C-CE52-4E88-9659-6709F4FA3726}.Release|Any CPU.ActiveCfg = Release|Any CPU
		{AD37BC0C-CE52-4E88-9659-6709F4FA3726}.Release|Any CPU.Build.0 = Release|Any CPU
		{A91E8284-128B-4B08-9685-59B018E7429E}.Debug|Any CPU.ActiveCfg = Debug|Any CPU
		{A91E8284-128B-4B08-9685-59B018E7429E}.Debug|Any CPU.Build.0 = Debug|Any CPU
		{A91E8284-128B-4B08-9685-59B018E7429E}.Release|Any CPU.ActiveCfg = Release|Any CPU
		{A91E8284-128B-4B08-9685-59B018E7429E}.Release|Any CPU.Build.0 = Release|Any CPU
		{AF7206A7-AE23-4213-925B-F32ECD99DF08}.Debug|Any CPU.ActiveCfg = Debug|Any CPU
		{AF7206A7-AE23-4213-925B-F32ECD99DF08}.Debug|Any CPU.Build.0 = Debug|Any CPU
		{AF7206A7-AE23-4213-925B-F32ECD99DF08}.Release|Any CPU.ActiveCfg = Release|Any CPU
		{AF7206A7-AE23-4213-925B-F32ECD99DF08}.Release|Any CPU.Build.0 = Release|Any CPU
		{7E2FA654-1DAD-4F04-9BFD-41F7B069F0A3}.Debug|Any CPU.ActiveCfg = Debug|Any CPU
		{7E2FA654-1DAD-4F04-9BFD-41F7B069F0A3}.Debug|Any CPU.Build.0 = Debug|Any CPU
		{7E2FA654-1DAD-4F04-9BFD-41F7B069F0A3}.Release|Any CPU.ActiveCfg = Release|Any CPU
		{7E2FA654-1DAD-4F04-9BFD-41F7B069F0A3}.Release|Any CPU.Build.0 = Release|Any CPU
		{B66F46F8-62C1-4608-A007-D4DE4819BB42}.Debug|Any CPU.ActiveCfg = Debug|Any CPU
		{B66F46F8-62C1-4608-A007-D4DE4819BB42}.Debug|Any CPU.Build.0 = Debug|Any CPU
		{B66F46F8-62C1-4608-A007-D4DE4819BB42}.Release|Any CPU.ActiveCfg = Release|Any CPU
		{B66F46F8-62C1-4608-A007-D4DE4819BB42}.Release|Any CPU.Build.0 = Release|Any CPU
		{EE8FC0D0-7D4E-4DAF-9F22-7877C41C2A79}.Debug|Any CPU.ActiveCfg = Debug|Any CPU
		{EE8FC0D0-7D4E-4DAF-9F22-7877C41C2A79}.Debug|Any CPU.Build.0 = Debug|Any CPU
		{EE8FC0D0-7D4E-4DAF-9F22-7877C41C2A79}.Release|Any CPU.ActiveCfg = Release|Any CPU
		{EE8FC0D0-7D4E-4DAF-9F22-7877C41C2A79}.Release|Any CPU.Build.0 = Release|Any CPU
		{1EFE184C-140D-4CAF-9FFB-CA1B55273C06}.Debug|Any CPU.ActiveCfg = Debug|Any CPU
		{1EFE184C-140D-4CAF-9FFB-CA1B55273C06}.Debug|Any CPU.Build.0 = Debug|Any CPU
		{1EFE184C-140D-4CAF-9FFB-CA1B55273C06}.Release|Any CPU.ActiveCfg = Release|Any CPU
		{1EFE184C-140D-4CAF-9FFB-CA1B55273C06}.Release|Any CPU.Build.0 = Release|Any CPU
		{836472C6-FB5B-49F1-9184-33806F5954DD}.Debug|Any CPU.ActiveCfg = Debug|Any CPU
		{836472C6-FB5B-49F1-9184-33806F5954DD}.Debug|Any CPU.Build.0 = Debug|Any CPU
		{836472C6-FB5B-49F1-9184-33806F5954DD}.Release|Any CPU.ActiveCfg = Release|Any CPU
		{836472C6-FB5B-49F1-9184-33806F5954DD}.Release|Any CPU.Build.0 = Release|Any CPU
		{46282F3D-D7B1-4581-A471-009ACA287220}.Debug|Any CPU.ActiveCfg = Debug|Any CPU
		{46282F3D-D7B1-4581-A471-009ACA287220}.Debug|Any CPU.Build.0 = Debug|Any CPU
		{46282F3D-D7B1-4581-A471-009ACA287220}.Release|Any CPU.ActiveCfg = Release|Any CPU
		{46282F3D-D7B1-4581-A471-009ACA287220}.Release|Any CPU.Build.0 = Release|Any CPU
		{CC11F244-2BAF-4E4A-B37C-1A1D47B9C3D0}.Debug|Any CPU.ActiveCfg = Debug|Any CPU
		{CC11F244-2BAF-4E4A-B37C-1A1D47B9C3D0}.Debug|Any CPU.Build.0 = Debug|Any CPU
		{CC11F244-2BAF-4E4A-B37C-1A1D47B9C3D0}.Release|Any CPU.ActiveCfg = Release|Any CPU
		{CC11F244-2BAF-4E4A-B37C-1A1D47B9C3D0}.Release|Any CPU.Build.0 = Release|Any CPU
		{4C9FF91D-5B20-413B-86C7-5854EE8D9714}.Debug|Any CPU.ActiveCfg = Debug|Any CPU
		{4C9FF91D-5B20-413B-86C7-5854EE8D9714}.Debug|Any CPU.Build.0 = Debug|Any CPU
		{4C9FF91D-5B20-413B-86C7-5854EE8D9714}.Release|Any CPU.ActiveCfg = Release|Any CPU
		{4C9FF91D-5B20-413B-86C7-5854EE8D9714}.Release|Any CPU.Build.0 = Release|Any CPU
	EndGlobalSection
	GlobalSection(SolutionProperties) = preSolution
		HideSolutionNode = FALSE
	EndGlobalSection
	GlobalSection(ExtensibilityGlobals) = postSolution
		SolutionGuid = {1C8E1C4A-51CC-433C-9B81-4135E9F3F4C7}
	EndGlobalSection
EndGlobal
