
Microsoft Visual Studio Solution File, Format Version 12.00
# Visual Studio 14
VisualStudioVersion = 14.0.25420.1
MinimumVisualStudioVersion = 10.0.40219.1
Project("{2150E333-8FDC-42A3-9474-1A3956D46DE8}") = "src", "src", "{8D4A91CB-9343-49F3-B8BF-6492251B0BAC}"
EndProject
Project("{2150E333-8FDC-42A3-9474-1A3956D46DE8}") = "Solution Items", "Solution Items", "{581DAE00-9907-4EDD-B5E6-34C846DCC224}"
	ProjectSection(SolutionItems) = preProject
		global.json = global.json
	EndProjectSection
EndProject
Project("{8BB2217D-0F2D-49D1-97BC-3654ED321F3B}") = "Store.Core", "src\Store.Core\Store.Core.xproj", "{1EB938D0-7F2D-47F8-9908-9E9D96AD1333}"
EndProject
Project("{2150E333-8FDC-42A3-9474-1A3956D46DE8}") = "test", "test", "{B3CDB2EC-B502-4589-B028-6BF77598FFC2}"
EndProject
Project("{8BB2217D-0F2D-49D1-97BC-3654ED321F3B}") = "Store.Core.Tests", "test\Store.Core.Tests\Store.Core.Tests.xproj", "{7B1E79CF-1C12-491B-BC77-C48589457203}"
EndProject
Global
	GlobalSection(SolutionConfigurationPlatforms) = preSolution
		Debug|Any CPU = Debug|Any CPU
		Release|Any CPU = Release|Any CPU
	EndGlobalSection
	GlobalSection(ProjectConfigurationPlatforms) = postSolution
		{1EB938D0-7F2D-47F8-9908-9E9D96AD1333}.Debug|Any CPU.ActiveCfg = Debug|Any CPU
		{1EB938D0-7F2D-47F8-9908-9E9D96AD1333}.Debug|Any CPU.Build.0 = Debug|Any CPU
		{1EB938D0-7F2D-47F8-9908-9E9D96AD1333}.Release|Any CPU.ActiveCfg = Release|Any CPU
		{1EB938D0-7F2D-47F8-9908-9E9D96AD1333}.Release|Any CPU.Build.0 = Release|Any CPU
		{7B1E79CF-1C12-491B-BC77-C48589457203}.Debug|Any CPU.ActiveCfg = Debug|Any CPU
		{7B1E79CF-1C12-491B-BC77-C48589457203}.Debug|Any CPU.Build.0 = Debug|Any CPU
		{7B1E79CF-1C12-491B-BC77-C48589457203}.Release|Any CPU.ActiveCfg = Release|Any CPU
		{7B1E79CF-1C12-491B-BC77-C48589457203}.Release|Any CPU.Build.0 = Release|Any CPU
	EndGlobalSection
	GlobalSection(SolutionProperties) = preSolution
		HideSolutionNode = FALSE
	EndGlobalSection
	GlobalSection(NestedProjects) = preSolution
		{1EB938D0-7F2D-47F8-9908-9E9D96AD1333} = {8D4A91CB-9343-49F3-B8BF-6492251B0BAC}
		{7B1E79CF-1C12-491B-BC77-C48589457203} = {B3CDB2EC-B502-4589-B028-6BF77598FFC2}
	EndGlobalSection
EndGlobal
