
Microsoft Visual Studio Solution File, Format Version 12.00
# Visual Studio 15
VisualStudioVersion = 15.0.28010.2026
MinimumVisualStudioVersion = 10.0.40219.1
Project("{FAE04EC0-301F-11D3-BF4B-00C04F79EFBC}") = "OnLineStore.WebAPI", "OnLineStore.WebAPI\OnLineStore.WebAPI.csproj", "{A222E651-EA92-4952-9BD0-4A9B943C6F22}"
EndProject
Project("{FAE04EC0-301F-11D3-BF4B-00C04F79EFBC}") = "OnLineStore.Core", "OnLineStore.Core\OnLineStore.Core.csproj", "{49CD76F4-0397-46BF-86E1-AD955203EF29}"
EndProject
Project("{FAE04EC0-301F-11D3-BF4B-00C04F79EFBC}") = "OnLineStore.Mocker", "OnLineStore.Mocker\OnLineStore.Mocker.csproj", "{5BEB0A3A-B98C-4EF3-A082-4532D6CD4264}"
EndProject
Project("{FAE04EC0-301F-11D3-BF4B-00C04F79EFBC}") = "OnLineStore.WebAPI.UnitTests", "OnLineStore.WebAPI.UnitTests\OnLineStore.WebAPI.UnitTests.csproj", "{00B0C85E-BD67-4A92-82F9-2AC88DBB39B3}"
EndProject
Project("{FAE04EC0-301F-11D3-BF4B-00C04F79EFBC}") = "OnLineStore.WebAPI.IntegrationTests", "OnLineStore.WebAPI.IntegrationTests\OnLineStore.WebAPI.IntegrationTests.csproj", "{7A281B1B-B69C-4CB6-A5AA-3F250FB95BBA}"
EndProject
Global
	GlobalSection(SolutionConfigurationPlatforms) = preSolution
		Debug|Any CPU = Debug|Any CPU
		Release|Any CPU = Release|Any CPU
	EndGlobalSection
	GlobalSection(ProjectConfigurationPlatforms) = postSolution
		{A222E651-EA92-4952-9BD0-4A9B943C6F22}.Debug|Any CPU.ActiveCfg = Debug|Any CPU
		{A222E651-EA92-4952-9BD0-4A9B943C6F22}.Debug|Any CPU.Build.0 = Debug|Any CPU
		{A222E651-EA92-4952-9BD0-4A9B943C6F22}.Release|Any CPU.ActiveCfg = Release|Any CPU
		{A222E651-EA92-4952-9BD0-4A9B943C6F22}.Release|Any CPU.Build.0 = Release|Any CPU
		{49CD76F4-0397-46BF-86E1-AD955203EF29}.Debug|Any CPU.ActiveCfg = Debug|Any CPU
		{49CD76F4-0397-46BF-86E1-AD955203EF29}.Debug|Any CPU.Build.0 = Debug|Any CPU
		{49CD76F4-0397-46BF-86E1-AD955203EF29}.Release|Any CPU.ActiveCfg = Release|Any CPU
		{49CD76F4-0397-46BF-86E1-AD955203EF29}.Release|Any CPU.Build.0 = Release|Any CPU
		{5BEB0A3A-B98C-4EF3-A082-4532D6CD4264}.Debug|Any CPU.ActiveCfg = Debug|Any CPU
		{5BEB0A3A-B98C-4EF3-A082-4532D6CD4264}.Debug|Any CPU.Build.0 = Debug|Any CPU
		{5BEB0A3A-B98C-4EF3-A082-4532D6CD4264}.Release|Any CPU.ActiveCfg = Release|Any CPU
		{5BEB0A3A-B98C-4EF3-A082-4532D6CD4264}.Release|Any CPU.Build.0 = Release|Any CPU
		{00B0C85E-BD67-4A92-82F9-2AC88DBB39B3}.Debug|Any CPU.ActiveCfg = Debug|Any CPU
		{00B0C85E-BD67-4A92-82F9-2AC88DBB39B3}.Debug|Any CPU.Build.0 = Debug|Any CPU
		{00B0C85E-BD67-4A92-82F9-2AC88DBB39B3}.Release|Any CPU.ActiveCfg = Release|Any CPU
		{00B0C85E-BD67-4A92-82F9-2AC88DBB39B3}.Release|Any CPU.Build.0 = Release|Any CPU
		{7A281B1B-B69C-4CB6-A5AA-3F250FB95BBA}.Debug|Any CPU.ActiveCfg = Debug|Any CPU
		{7A281B1B-B69C-4CB6-A5AA-3F250FB95BBA}.Debug|Any CPU.Build.0 = Debug|Any CPU
		{7A281B1B-B69C-4CB6-A5AA-3F250FB95BBA}.Release|Any CPU.ActiveCfg = Release|Any CPU
		{7A281B1B-B69C-4CB6-A5AA-3F250FB95BBA}.Release|Any CPU.Build.0 = Release|Any CPU
	EndGlobalSection
	GlobalSection(SolutionProperties) = preSolution
		HideSolutionNode = FALSE
	EndGlobalSection
	GlobalSection(ExtensibilityGlobals) = postSolution
		SolutionGuid = {845307EA-DF94-437A-B44E-04F02BFD9831}
	EndGlobalSection
EndGlobal
