
Microsoft Visual Studio Solution File, Format Version 12.00
# Visual Studio Version 17
VisualStudioVersion = 17.0.31903.59
MinimumVisualStudioVersion = 10.0.40219.1
Project("{FAE04EC0-301F-11D3-BF4B-00C04F79EFBC}") = "RothschildHouse", "RothschildHouse\RothschildHouse.csproj", "{D9C0B44F-6B69-4C3D-8F6D-683351C1E5B6}"
EndProject
Global
	GlobalSection(SolutionConfigurationPlatforms) = preSolution
		Debug|Any CPU = Debug|Any CPU
		Release|Any CPU = Release|Any CPU
	EndGlobalSection
	GlobalSection(ProjectConfigurationPlatforms) = postSolution
		{D9C0B44F-6B69-4C3D-8F6D-683351C1E5B6}.Debug|Any CPU.ActiveCfg = Debug|Any CPU
		{D9C0B44F-6B69-4C3D-8F6D-683351C1E5B6}.Debug|Any CPU.Build.0 = Debug|Any CPU
		{D9C0B44F-6B69-4C3D-8F6D-683351C1E5B6}.Release|Any CPU.ActiveCfg = Release|Any CPU
		{D9C0B44F-6B69-4C3D-8F6D-683351C1E5B6}.Release|Any CPU.Build.0 = Release|Any CPU
	EndGlobalSection
	GlobalSection(SolutionProperties) = preSolution
		HideSolutionNode = FALSE
	EndGlobalSection
	GlobalSection(ExtensibilityGlobals) = postSolution
		SolutionGuid = {91E2B598-3D8D-4596-8F2F-798B5925A772}
	EndGlobalSection
EndGlobal
