
Microsoft Visual Studio Solution File, Format Version 12.00
# Visual Studio 15
VisualStudioVersion = 15.0.28307.136
MinimumVisualStudioVersion = 10.0.40219.1
Project("{9A19103F-16F7-4668-BE54-9A1E7A4F7556}") = "RothschildHouse", "RothschildHouse\RothschildHouse.csproj", "{411C0A03-986F-4190-9E3E-1B165A206DC4}"
EndProject
Project("{9A19103F-16F7-4668-BE54-9A1E7A4F7556}") = "RothschildHouse.IdentityServer", "RothschildHouse.IdentityServer\RothschildHouse.IdentityServer.csproj", "{B3EFCAFF-33B0-4D81-862F-A81B9B3ED623}"
EndProject
Project("{FAE04EC0-301F-11D3-BF4B-00C04F79EFBC}") = "RothschildHouse.Client", "RothschildHouse.Client\RothschildHouse.Client.csproj", "{729F872A-1D23-4770-B3E3-F6D54DA4F361}"
EndProject
Global
	GlobalSection(SolutionConfigurationPlatforms) = preSolution
		Debug|Any CPU = Debug|Any CPU
		Release|Any CPU = Release|Any CPU
	EndGlobalSection
	GlobalSection(ProjectConfigurationPlatforms) = postSolution
		{411C0A03-986F-4190-9E3E-1B165A206DC4}.Debug|Any CPU.ActiveCfg = Debug|Any CPU
		{411C0A03-986F-4190-9E3E-1B165A206DC4}.Debug|Any CPU.Build.0 = Debug|Any CPU
		{411C0A03-986F-4190-9E3E-1B165A206DC4}.Release|Any CPU.ActiveCfg = Release|Any CPU
		{411C0A03-986F-4190-9E3E-1B165A206DC4}.Release|Any CPU.Build.0 = Release|Any CPU
		{B3EFCAFF-33B0-4D81-862F-A81B9B3ED623}.Debug|Any CPU.ActiveCfg = Debug|Any CPU
		{B3EFCAFF-33B0-4D81-862F-A81B9B3ED623}.Debug|Any CPU.Build.0 = Debug|Any CPU
		{B3EFCAFF-33B0-4D81-862F-A81B9B3ED623}.Release|Any CPU.ActiveCfg = Release|Any CPU
		{B3EFCAFF-33B0-4D81-862F-A81B9B3ED623}.Release|Any CPU.Build.0 = Release|Any CPU
		{729F872A-1D23-4770-B3E3-F6D54DA4F361}.Debug|Any CPU.ActiveCfg = Debug|Any CPU
		{729F872A-1D23-4770-B3E3-F6D54DA4F361}.Debug|Any CPU.Build.0 = Debug|Any CPU
		{729F872A-1D23-4770-B3E3-F6D54DA4F361}.Release|Any CPU.ActiveCfg = Release|Any CPU
		{729F872A-1D23-4770-B3E3-F6D54DA4F361}.Release|Any CPU.Build.0 = Release|Any CPU
	EndGlobalSection
	GlobalSection(SolutionProperties) = preSolution
		HideSolutionNode = FALSE
	EndGlobalSection
	GlobalSection(ExtensibilityGlobals) = postSolution
		SolutionGuid = {C9573A5B-831E-4C01-820A-FA8A9B704874}
	EndGlobalSection
EndGlobal
